
Microsoft Visual Studio Solution File, Format Version 12.00
# Visual Studio Version 16
VisualStudioVersion = 16.0.29020.237
MinimumVisualStudioVersion = 10.0.40219.1
Project("{FAE04EC0-301F-11D3-BF4B-00C04F79EFBC}") = "button", "button\button.csproj", "{2AA17BDB-99FE-4C3E-AEEF-B2C8DCD43446}"
EndProject
Global
	GlobalSection(SolutionConfigurationPlatforms) = preSolution
		Debug|Any CPU = Debug|Any CPU
		Release|Any CPU = Release|Any CPU
	EndGlobalSection
	GlobalSection(ProjectConfigurationPlatforms) = postSolution
		{2AA17BDB-99FE-4C3E-AEEF-B2C8DCD43446}.Debug|Any CPU.ActiveCfg = Debug|Any CPU
		{2AA17BDB-99FE-4C3E-AEEF-B2C8DCD43446}.Debug|Any CPU.Build.0 = Debug|Any CPU
		{2AA17BDB-99FE-4C3E-AEEF-B2C8DCD43446}.Release|Any CPU.ActiveCfg = Release|Any CPU
		{2AA17BDB-99FE-4C3E-AEEF-B2C8DCD43446}.Release|Any CPU.Build.0 = Release|Any CPU
	EndGlobalSection
	GlobalSection(SolutionProperties) = preSolution
		HideSolutionNode = FALSE
	EndGlobalSection
	GlobalSection(ExtensibilityGlobals) = postSolution
		SolutionGuid = {1EF065BD-6A71-4A6D-84CC-B20963D91FBC}
	EndGlobalSection
EndGlobal
